
Microsoft Visual Studio Solution File, Format Version 12.00
# Visual Studio Version 17
VisualStudioVersion = 17.7.34202.233
MinimumVisualStudioVersion = 10.0.40219.1
Project("{FAE04EC0-301F-11D3-BF4B-00C04F79EFBC}") = "E-Commerce.Web", "E-Commerce.Web\E-Commerce.Web.csproj", "{2DF468E7-DA1F-42DE-B9BE-7E9E69A2ABE2}"
EndProject
Global
	GlobalSection(SolutionConfigurationPlatforms) = preSolution
		Debug|Any CPU = Debug|Any CPU
		Release|Any CPU = Release|Any CPU
	EndGlobalSection
	GlobalSection(ProjectConfigurationPlatforms) = postSolution
		{2DF468E7-DA1F-42DE-B9BE-7E9E69A2ABE2}.Debug|Any CPU.ActiveCfg = Debug|Any CPU
		{2DF468E7-DA1F-42DE-B9BE-7E9E69A2ABE2}.Debug|Any CPU.Build.0 = Debug|Any CPU
		{2DF468E7-DA1F-42DE-B9BE-7E9E69A2ABE2}.Release|Any CPU.ActiveCfg = Release|Any CPU
		{2DF468E7-DA1F-42DE-B9BE-7E9E69A2ABE2}.Release|Any CPU.Build.0 = Release|Any CPU
	EndGlobalSection
	GlobalSection(SolutionProperties) = preSolution
		HideSolutionNode = FALSE
	EndGlobalSection
	GlobalSection(ExtensibilityGlobals) = postSolution
		SolutionGuid = {12CB61B8-DD2B-4322-A7F1-AE393AA25A6D}
	EndGlobalSection
EndGlobal
